# This file is automatically @generated by Poetry 1.6.1 and should not be changed by hand.

[[package]]
name = "asgiref"
version = "3.7.2"
description = "ASGI specs, helper code, and adapters"
optional = false
python-versions = ">=3.7"
files = [
    {file = "asgiref-3.7.2-py3-none-any.whl", hash = "sha256:89b2ef2247e3b562a16eef663bc0e2e703ec6468e2fa8a5cd61cd449786d4f6e"},
    {file = "asgiref-3.7.2.tar.gz", hash = "sha256:9e0ce3aa93a819ba5b45120216b23878cf6e8525eb3848653452b4192b92afed"},
]

[package.dependencies]
typing-extensions = {version = ">=4", markers = "python_version < \"3.11\""}

[package.extras]
tests = ["mypy (>=0.800)", "pytest", "pytest-asyncio"]

[[package]]
name = "crispy-bootstrap5"
version = "0.7"
description = "Bootstrap5 template pack for django-crispy-forms"
optional = false
python-versions = ">=3.7"
files = [
    {file = "crispy-bootstrap5-0.7.tar.gz", hash = "sha256:0745a67199619149b7feca87dab7a45664876ed50fb582b38fd2aeb3f8a8d869"},
    {file = "crispy_bootstrap5-0.7-py3-none-any.whl", hash = "sha256:f3ff1ef5cb379fe80b1b02e245008f276444098a4bdb8d855bed84c623798a85"},
]

[package.dependencies]
django = ">=3.2"
django-crispy-forms = ">=1.13.0"

[package.extras]
test = ["pytest", "pytest-django"]

[[package]]
name = "django"
version = "4.2.6"
description = "A high-level Python web framework that encourages rapid development and clean, pragmatic design."
optional = false
python-versions = ">=3.8"
files = [
    {file = "Django-4.2.6-py3-none-any.whl", hash = "sha256:a64d2487cdb00ad7461434320ccc38e60af9c404773a2f95ab0093b4453a3215"},
    {file = "Django-4.2.6.tar.gz", hash = "sha256:08f41f468b63335aea0d904c5729e0250300f6a1907bf293a65499496cdbc68f"},
]

[package.dependencies]
asgiref = ">=3.6.0,<4"
sqlparse = ">=0.3.1"
tzdata = {version = "*", markers = "sys_platform == \"win32\""}

[package.extras]
argon2 = ["argon2-cffi (>=19.1.0)"]
bcrypt = ["bcrypt"]

[[package]]
name = "django-auto-prefetch"
version = "1.8.0"
description = "Automatically prefetch foreign key values as needed."
optional = false
python-versions = ">=3.8"
files = [
    {file = "django_auto_prefetch-1.8.0-py3-none-any.whl", hash = "sha256:46a45a1cadae6d82d0b83294b0195203d514d6d65f24b10a163b3cd70bb84dc1"},
    {file = "django_auto_prefetch-1.8.0.tar.gz", hash = "sha256:f466d4d512885c929e24362104e76f02547bacde0d9eab9b8ef8fd4a2a24a960"},
]

[package.dependencies]
Django = ">=3.2"

[[package]]
name = "django-crispy-forms"
version = "2.0"
description = "Best way to have Django DRY forms"
optional = false
python-versions = ">=3.7"
files = [
    {file = "django-crispy-forms-2.0.tar.gz", hash = "sha256:90193b068bf948d9c68449bc8260afed1a8e2afe11ee0bac8c4ebfaeb175b322"},
    {file = "django_crispy_forms-2.0-py3-none-any.whl", hash = "sha256:d1d4e585929058a9ab3b797666ea5b69320b9ba7937f9d146d32173246a6fd13"},
]

[package.dependencies]
django = ">=3.2"

[[package]]
name = "django-debug-toolbar"
version = "4.2.0"
description = "A configurable set of panels that display various debug information about the current request/response."
optional = false
python-versions = ">=3.8"
files = [
    {file = "django_debug_toolbar-4.2.0-py3-none-any.whl", hash = "sha256:af99128c06e8e794479e65ab62cc6c7d1e74e1c19beb44dcbf9bad7a9c017327"},
    {file = "django_debug_toolbar-4.2.0.tar.gz", hash = "sha256:bc7fdaafafcdedefcc67a4a5ad9dac96efd6e41db15bc74d402a54a2ba4854dc"},
]

[package.dependencies]
django = ">=3.2.4"
sqlparse = ">=0.2"

[[package]]
name = "django-extensions"
version = "3.2.3"
description = "Extensions for Django"
optional = false
python-versions = ">=3.6"
files = [
    {file = "django-extensions-3.2.3.tar.gz", hash = "sha256:44d27919d04e23b3f40231c4ab7af4e61ce832ef46d610cc650d53e68328410a"},
    {file = "django_extensions-3.2.3-py3-none-any.whl", hash = "sha256:9600b7562f79a92cbf1fde6403c04fee314608fefbb595502e34383ae8203401"},
]

[package.dependencies]
Django = ">=3.2"

[[package]]
name = "django-filter"
version = "23.3"
description = "Django-filter is a reusable Django application for allowing users to filter querysets dynamically."
optional = false
python-versions = ">=3.7"
files = [
    {file = "django-filter-23.3.tar.gz", hash = "sha256:015fe155582e1805b40629344e4a6cf3cc40450827d294d040b4b8c1749a9fa6"},
    {file = "django_filter-23.3-py3-none-any.whl", hash = "sha256:65bc5d1d8f4fff3aaf74cb5da537b6620e9214fb4b3180f6c560776b1b6dccd0"},
]

[package.dependencies]
Django = ">=3.2"

[[package]]
name = "django-htmx"
version = "1.17.0"
description = "Extensions for using Django with htmx."
optional = false
python-versions = ">=3.8"
files = [
    {file = "django_htmx-1.17.0-py3-none-any.whl", hash = "sha256:070a37092b88a42cd7af26c1b65f63c4529bae276710fd16137dc934938b44f2"},
    {file = "django_htmx-1.17.0.tar.gz", hash = "sha256:2ef0d19db41c6152881e782673cd2cd1755a7fd6784f8b4f2279fb18dc03d2c2"},
]

[package.dependencies]
Django = ">=3.2"

[[package]]
name = "django-ordered-model"
version = "3.7.4"
description = "Allows Django models to be ordered and provides a simple admin interface for reordering them."
optional = false
python-versions = "*"
files = [
    {file = "django-ordered-model-3.7.4.tar.gz", hash = "sha256:f258b9762525c00a53009e82f8b8bf2a3aa315e8b453e281e8fdbbfe2b8cb3ba"},
    {file = "django_ordered_model-3.7.4-py3-none-any.whl", hash = "sha256:dfcd3183fe0749dad1c9971cba1d6240ce7328742a30ddc92feca41107bb241d"},
]

[[package]]
name = "et-xmlfile"
version = "1.1.0"
description = "An implementation of lxml.xmlfile for the standard library"
optional = false
python-versions = ">=3.6"
files = [
    {file = "et_xmlfile-1.1.0-py3-none-any.whl", hash = "sha256:a2ba85d1d6a74ef63837eed693bcb89c3f752169b0e3e7ae5b16ca5e1b3deada"},
    {file = "et_xmlfile-1.1.0.tar.gz", hash = "sha256:8eb9e2bc2f8c97e37a2dc85a09ecdcdec9d8a396530a6d5a33b30b9a92da0c5c"},
]

[[package]]
name = "fontawesomefree"
version = "6.4.2"
description = "Font Awesome Free"
optional = false
python-versions = "*"
files = [
    {file = "fontawesomefree-6.4.2-py3-none-any.whl", hash = "sha256:ceaff7efc4fc39dadff3c3ff7298a7a1095403110d373f22456bb1c34ab6db02"},
]

[[package]]
name = "openpyxl"
version = "3.1.2"
description = "A Python library to read/write Excel 2010 xlsx/xlsm files"
optional = false
python-versions = ">=3.6"
files = [
    {file = "openpyxl-3.1.2-py2.py3-none-any.whl", hash = "sha256:f91456ead12ab3c6c2e9491cf33ba6d08357d802192379bb482f1033ade496f5"},
    {file = "openpyxl-3.1.2.tar.gz", hash = "sha256:a6f5977418eff3b2d5500d54d9db50c8277a368436f4e4f8ddb1be3422870184"},
]

[package.dependencies]
et-xmlfile = "*"

[[package]]
name = "sqlparse"
version = "0.4.4"
description = "A non-validating SQL parser."
optional = false
python-versions = ">=3.5"
files = [
    {file = "sqlparse-0.4.4-py3-none-any.whl", hash = "sha256:5430a4fe2ac7d0f93e66f1efc6e1338a41884b7ddf2a350cedd20ccc4d9d28f3"},
    {file = "sqlparse-0.4.4.tar.gz", hash = "sha256:d446183e84b8349fa3061f0fe7f06ca94ba65b426946ffebe6e3e8295332420c"},
]

[package.extras]
dev = ["build", "flake8"]
doc = ["sphinx"]
test = ["pytest", "pytest-cov"]

[[package]]
name = "typing-extensions"
version = "4.8.0"
description = "Backported and Experimental Type Hints for Python 3.8+"
optional = false
python-versions = ">=3.8"
files = [
    {file = "typing_extensions-4.8.0-py3-none-any.whl", hash = "sha256:8f92fc8806f9a6b641eaa5318da32b44d401efaac0f6678c9bc448ba3605faa0"},
    {file = "typing_extensions-4.8.0.tar.gz", hash = "sha256:df8e4339e9cb77357558cbdbceca33c303714cf861d1eef15e1070055ae8b7ef"},
]

[[package]]
name = "tzdata"
version = "2023.3"
description = "Provider of IANA time zone data"
optional = false
python-versions = ">=2"
files = [
    {file = "tzdata-2023.3-py2.py3-none-any.whl", hash = "sha256:7e65763eef3120314099b6939b5546db7adce1e7d6f2e179e3df563c70511eda"},
    {file = "tzdata-2023.3.tar.gz", hash = "sha256:11ef1e08e54acb0d4f95bdb1be05da659673de4acbd21bf9c69e94cc5e907a3a"},
]

[metadata]
lock-version = "2.0"
python-versions = "^3.10"
content-hash = "b4205097aefbf7eae93177ce76036131a9a1939a84eb683c12464816873eb5d3"
